{
  "version": 4,
  "terraform_version": "1.12.2",
  "serial": 192,
  "lineage": "df8e19a4-f64f-202f-de57-ff29084f0d6b",
  "outputs": {},
  "resources": [
    {
      "mode": "data",
      "type": "azurerm_client_config",
      "name": "current",
      "provider": "provider[\"registry.terraform.io/hashicorp/azurerm\"]",
      "instances": [
        {
          "schema_version": 0,
          "attributes": {
            "client_id": "04b07795-8ddb-461a-bbee-02f9e1bf7b46",
            "id": "Y2xpZW50Q29uZmlncy9jbGllbnRJZD0wNGIwNzc5NS04ZGRiLTQ2MWEtYmJlZS0wMmY5ZTFiZjdiNDY7b2JqZWN0SWQ9NzhiZGI1ZjUtNDI1MC00Nzg2LTljZDMtNTgxNWZkYmJkNzc1O3N1YnNjcmlwdGlvbklkPTE4YTU0ZmVmLWQzNmQtNGQxYy1iN2I0LWM0NjhhNzczMTQ5Yjt0ZW5hbnRJZD1hOWRlZDlhZC01MzY1LTQ3N2MtYWYzYS1hZWRhMWY1OTJjMzc=",
            "object_id": "78bdb5f5-4250-4786-9cd3-5815fdbbd775",
            "subscription_id": "18a54fef-d36d-4d1c-b7b4-c468a773149b",
            "tenant_id": "a9ded9ad-5365-477c-af3a-aeda1f592c37",
            "timeouts": null
          },
          "sensitive_attributes": [],
          "identity_schema_version": 0
        }
      ]
    },
    {
      "mode": "data",
      "type": "azurerm_key_vault_secret",
      "name": "vm_admin_pwd",
      "provider": "provider[\"registry.terraform.io/hashicorp/azurerm\"]",
      "instances": [
        {
          "schema_version": 0,
          "attributes": {
            "content_type": "",
            "expiration_date": null,
            "id": "https://kv-admin3-swc.vault.azure.net/secrets/amir/04c8e75c4b224535a12663cfeba04077",
            "key_vault_id": "/subscriptions/18a54fef-d36d-4d1c-b7b4-c468a773149b/resourceGroups/rg-abarzi-sch/providers/Microsoft.KeyVault/vaults/kv-admin3-swc",
            "name": "amir",
            "not_before_date": null,
            "resource_id": "/subscriptions/18a54fef-d36d-4d1c-b7b4-c468a773149b/resourceGroups/rg-abarzi-sch/providers/Microsoft.KeyVault/vaults/kv-admin3-swc/secrets/amir/versions/04c8e75c4b224535a12663cfeba04077",
            "resource_versionless_id": "/subscriptions/18a54fef-d36d-4d1c-b7b4-c468a773149b/resourceGroups/rg-abarzi-sch/providers/Microsoft.KeyVault/vaults/kv-admin3-swc/secrets/amir",
            "tags": {},
            "timeouts": null,
            "value": "P@ssw0rd0P@ssw0rd1",
            "version": "04c8e75c4b224535a12663cfeba04077",
            "versionless_id": "https://kv-admin3-swc.vault.azure.net/secrets/amir"
          },
          "sensitive_attributes": [
            [
              {
                "type": "get_attr",
                "value": "value"
              }
            ]
          ],
          "identity_schema_version": 0
        }
      ]
    },
    {
      "mode": "data",
      "type": "http",
      "name": "my_ip",
      "provider": "provider[\"registry.terraform.io/hashicorp/http\"]",
      "instances": [
        {
          "schema_version": 0,
          "attributes": {
            "body": "91.25.202.146",
            "ca_cert_pem": null,
            "client_cert_pem": null,
            "client_key_pem": null,
            "id": "https://api.ipify.org",
            "insecure": null,
            "method": null,
            "request_body": null,
            "request_headers": null,
            "request_timeout_ms": null,
            "response_body": "91.25.202.146",
            "response_body_base64": "OTEuMjUuMjAyLjE0Ng==",
            "response_headers": {
              "Cf-Cache-Status": "DYNAMIC",
              "Cf-Ray": "991fd0360ddbc13c-AMS",
              "Content-Type": "text/plain",
              "Date": "Tue, 21 Oct 2025 09:43:54 GMT",
              "Server": "cloudflare",
              "Vary": "Origin"
            },
            "retry": null,
            "status_code": 200,
            "url": "https://api.ipify.org"
          },
          "sensitive_attributes": [],
          "identity_schema_version": 0
        }
      ]
    },
    {
      "mode": "managed",
      "type": "azurerm_key_vault",
      "name": "main",
      "provider": "provider[\"registry.terraform.io/hashicorp/azurerm\"]",
      "instances": [
        {
          "schema_version": 2,
          "attributes": {
            "access_policy": [
              {
                "application_id": "",
                "certificate_permissions": [],
                "key_permissions": [],
                "object_id": "78bdb5f5-4250-4786-9cd3-5815fdbbd775",
                "secret_permissions": [
                  "Get",
                  "List"
                ],
                "storage_permissions": [],
                "tenant_id": "a9ded9ad-5365-477c-af3a-aeda1f592c37"
              }
            ],
            "contact": [],
            "enable_rbac_authorization": false,
            "enabled_for_deployment": false,
            "enabled_for_disk_encryption": false,
            "enabled_for_template_deployment": false,
            "id": "/subscriptions/18a54fef-d36d-4d1c-b7b4-c468a773149b/resourceGroups/rg-abarzi-sch/providers/Microsoft.KeyVault/vaults/kv-admin3-swc",
            "location": "swedencentral",
            "name": "kv-admin3-swc",
            "network_acls": [
              {
                "bypass": "AzureServices",
                "default_action": "Allow",
                "ip_rules": [],
                "virtual_network_subnet_ids": []
              }
            ],
            "public_network_access_enabled": true,
            "purge_protection_enabled": false,
            "rbac_authorization_enabled": false,
            "resource_group_name": "rg-abarzi-sch",
            "sku_name": "standard",
            "soft_delete_retention_days": 7,
            "tags": {
              "owner": "amir"
            },
            "tenant_id": "a9ded9ad-5365-477c-af3a-aeda1f592c37",
            "timeouts": null,
            "vault_uri": "https://kv-admin3-swc.vault.azure.net/"
          },
          "sensitive_attributes": [],
          "identity_schema_version": 0,
          "private": "eyJlMmJmYjczMC1lY2FhLTExZTYtOGY4OC0zNDM2M2JjN2M0YzAiOnsiY3JlYXRlIjoxODAwMDAwMDAwMDAwLCJkZWxldGUiOjE4MDAwMDAwMDAwMDAsInJlYWQiOjMwMDAwMDAwMDAwMCwidXBkYXRlIjoxODAwMDAwMDAwMDAwfSwic2NoZW1hX3ZlcnNpb24iOiIyIn0=",
          "dependencies": [
            "data.azurerm_client_config.current"
          ]
        }
      ]
    },
    {
      "mode": "managed",
      "type": "azurerm_key_vault_access_policy",
      "name": "self",
      "provider": "provider[\"registry.terraform.io/hashicorp/azurerm\"]",
      "instances": [
        {
          "schema_version": 0,
          "attributes": {
            "application_id": "",
            "certificate_permissions": [],
            "id": "/subscriptions/18a54fef-d36d-4d1c-b7b4-c468a773149b/resourceGroups/rg-abarzi-sch/providers/Microsoft.KeyVault/vaults/kv-admin3-swc/objectId/78bdb5f5-4250-4786-9cd3-5815fdbbd775",
            "key_permissions": [],
            "key_vault_id": "/subscriptions/18a54fef-d36d-4d1c-b7b4-c468a773149b/resourceGroups/rg-abarzi-sch/providers/Microsoft.KeyVault/vaults/kv-admin3-swc",
            "object_id": "78bdb5f5-4250-4786-9cd3-5815fdbbd775",
            "secret_permissions": [
              "Get",
              "List"
            ],
            "storage_permissions": [],
            "tenant_id": "a9ded9ad-5365-477c-af3a-aeda1f592c37",
            "timeouts": null
          },
          "sensitive_attributes": [],
          "identity_schema_version": 0,
          "private": "eyJlMmJmYjczMC1lY2FhLTExZTYtOGY4OC0zNDM2M2JjN2M0YzAiOnsiY3JlYXRlIjoxODAwMDAwMDAwMDAwLCJkZWxldGUiOjE4MDAwMDAwMDAwMDAsInJlYWQiOjMwMDAwMDAwMDAwMCwidXBkYXRlIjoxODAwMDAwMDAwMDAwfX0=",
          "dependencies": [
            "azurerm_key_vault.main",
            "data.azurerm_client_config.current"
          ]
        }
      ]
    },
    {
      "mode": "managed",
      "type": "azurerm_lb",
      "name": "lb_demo_sc",
      "provider": "provider[\"registry.terraform.io/hashicorp/azurerm\"]",
      "instances": [
        {
          "schema_version": 0,
          "attributes": {
            "edge_zone": "",
            "frontend_ip_configuration": [
              {
                "gateway_load_balancer_frontend_ip_configuration_id": "",
                "id": "/subscriptions/18a54fef-d36d-4d1c-b7b4-c468a773149b/resourceGroups/rg-abarzi-sch/providers/Microsoft.Network/loadBalancers/LB-demo-sc/frontendIPConfigurations/PublicFrontEnd",
                "inbound_nat_rules": [],
                "load_balancer_rules": [
                  "/subscriptions/18a54fef-d36d-4d1c-b7b4-c468a773149b/resourceGroups/rg-abarzi-sch/providers/Microsoft.Network/loadBalancers/LB-demo-sc/loadBalancingRules/https-rule"
                ],
                "name": "PublicFrontEnd",
                "outbound_rules": [],
                "private_ip_address": "",
                "private_ip_address_allocation": "Dynamic",
                "private_ip_address_version": "",
                "public_ip_address_id": "/subscriptions/18a54fef-d36d-4d1c-b7b4-c468a773149b/resourceGroups/rg-abarzi-sch/providers/Microsoft.Network/publicIPAddresses/pip-LB-demo-sc",
                "public_ip_prefix_id": "",
                "subnet_id": "",
                "zones": []
              }
            ],
            "id": "/subscriptions/18a54fef-d36d-4d1c-b7b4-c468a773149b/resourceGroups/rg-abarzi-sch/providers/Microsoft.Network/loadBalancers/LB-demo-sc",
            "location": "swedencentral",
            "name": "LB-demo-sc",
            "private_ip_address": "",
            "private_ip_addresses": [],
            "public_ip_address_id": null,
            "resource_group_name": "rg-abarzi-sch",
            "sku": "Standard",
            "sku_tier": "Regional",
            "subnet_id": null,
            "tags": {
              "owner": "amir"
            },
            "timeouts": null
          },
          "sensitive_attributes": [],
          "identity_schema_version": 0,
          "private": "eyJlMmJmYjczMC1lY2FhLTExZTYtOGY4OC0zNDM2M2JjN2M0YzAiOnsiY3JlYXRlIjoxODAwMDAwMDAwMDAwLCJkZWxldGUiOjE4MDAwMDAwMDAwMDAsInJlYWQiOjMwMDAwMDAwMDAwMCwidXBkYXRlIjoxODAwMDAwMDAwMDAwfX0=",
          "dependencies": [
            "azurerm_public_ip.lb_pip"
          ]
        }
      ]
    },
    {
      "mode": "managed",
      "type": "azurerm_lb_backend_address_pool",
      "name": "lb_backend",
      "provider": "provider[\"registry.terraform.io/hashicorp/azurerm\"]",
      "instances": [
        {
          "schema_version": 0,
          "attributes": {
            "backend_ip_configurations": [
              "/subscriptions/18a54fef-d36d-4d1c-b7b4-c468a773149b/resourceGroups/rg-abarzi-sch/providers/Microsoft.Network/networkInterfaces/nic-vm-web2-demo/ipConfigurations/ipconfig-vm-web2-demo",
              "/subscriptions/18a54fef-d36d-4d1c-b7b4-c468a773149b/resourceGroups/rg-abarzi-sch/providers/Microsoft.Network/networkInterfaces/nic-vm-web1-demo/ipConfigurations/ipconfig-vm-web1-demo"
            ],
            "id": "/subscriptions/18a54fef-d36d-4d1c-b7b4-c468a773149b/resourceGroups/rg-abarzi-sch/providers/Microsoft.Network/loadBalancers/LB-demo-sc/backendAddressPools/BackendPool",
            "inbound_nat_rules": [],
            "load_balancing_rules": [
              "/subscriptions/18a54fef-d36d-4d1c-b7b4-c468a773149b/resourceGroups/rg-abarzi-sch/providers/Microsoft.Network/loadBalancers/LB-demo-sc/loadBalancingRules/https-rule"
            ],
            "loadbalancer_id": "/subscriptions/18a54fef-d36d-4d1c-b7b4-c468a773149b/resourceGroups/rg-abarzi-sch/providers/Microsoft.Network/loadBalancers/LB-demo-sc",
            "name": "BackendPool",
            "outbound_rules": [],
            "synchronous_mode": "",
            "timeouts": null,
            "tunnel_interface": [],
            "virtual_network_id": ""
          },
          "sensitive_attributes": [],
          "identity_schema_version": 0,
          "private": "eyJlMmJmYjczMC1lY2FhLTExZTYtOGY4OC0zNDM2M2JjN2M0YzAiOnsiY3JlYXRlIjoxODAwMDAwMDAwMDAwLCJkZWxldGUiOjE4MDAwMDAwMDAwMDAsInJlYWQiOjMwMDAwMDAwMDAwMCwidXBkYXRlIjoxODAwMDAwMDAwMDAwfX0=",
          "dependencies": [
            "azurerm_lb.lb_demo_sc",
            "azurerm_public_ip.lb_pip"
          ]
        }
      ]
    },
    {
      "mode": "managed",
      "type": "azurerm_lb_probe",
      "name": "http_probe",
      "provider": "provider[\"registry.terraform.io/hashicorp/azurerm\"]",
      "instances": [
        {
          "schema_version": 0,
          "attributes": {
            "id": "/subscriptions/18a54fef-d36d-4d1c-b7b4-c468a773149b/resourceGroups/rg-abarzi-sch/providers/Microsoft.Network/loadBalancers/LB-demo-sc/probes/http-probe",
            "interval_in_seconds": 15,
            "load_balancer_rules": [],
            "loadbalancer_id": "/subscriptions/18a54fef-d36d-4d1c-b7b4-c468a773149b/resourceGroups/rg-abarzi-sch/providers/Microsoft.Network/loadBalancers/LB-demo-sc",
            "name": "http-probe",
            "number_of_probes": 2,
            "port": 80,
            "probe_threshold": 1,
            "protocol": "Tcp",
            "request_path": "",
            "timeouts": null
          },
          "sensitive_attributes": [],
          "identity_schema_version": 0,
          "private": "eyJlMmJmYjczMC1lY2FhLTExZTYtOGY4OC0zNDM2M2JjN2M0YzAiOnsiY3JlYXRlIjoxODAwMDAwMDAwMDAwLCJkZWxldGUiOjE4MDAwMDAwMDAwMDAsInJlYWQiOjMwMDAwMDAwMDAwMCwidXBkYXRlIjoxODAwMDAwMDAwMDAwfX0=",
          "dependencies": [
            "azurerm_lb.lb_demo_sc",
            "azurerm_public_ip.lb_pip"
          ]
        }
      ]
    },
    {
      "mode": "managed",
      "type": "azurerm_lb_probe",
      "name": "https_probe",
      "provider": "provider[\"registry.terraform.io/hashicorp/azurerm\"]",
      "instances": [
        {
          "schema_version": 0,
          "attributes": {
            "id": "/subscriptions/18a54fef-d36d-4d1c-b7b4-c468a773149b/resourceGroups/rg-abarzi-sch/providers/Microsoft.Network/loadBalancers/LB-demo-sc/probes/https-probe",
            "interval_in_seconds": 15,
            "load_balancer_rules": [
              "/subscriptions/18a54fef-d36d-4d1c-b7b4-c468a773149b/resourceGroups/rg-abarzi-sch/providers/Microsoft.Network/loadBalancers/LB-demo-sc/loadBalancingRules/https-rule"
            ],
            "loadbalancer_id": "/subscriptions/18a54fef-d36d-4d1c-b7b4-c468a773149b/resourceGroups/rg-abarzi-sch/providers/Microsoft.Network/loadBalancers/LB-demo-sc",
            "name": "https-probe",
            "number_of_probes": 2,
            "port": 443,
            "probe_threshold": 1,
            "protocol": "Tcp",
            "request_path": "",
            "timeouts": null
          },
          "sensitive_attributes": [],
          "identity_schema_version": 0,
          "private": "eyJlMmJmYjczMC1lY2FhLTExZTYtOGY4OC0zNDM2M2JjN2M0YzAiOnsiY3JlYXRlIjoxODAwMDAwMDAwMDAwLCJkZWxldGUiOjE4MDAwMDAwMDAwMDAsInJlYWQiOjMwMDAwMDAwMDAwMCwidXBkYXRlIjoxODAwMDAwMDAwMDAwfX0=",
          "dependencies": [
            "azurerm_lb.lb_demo_sc",
            "azurerm_public_ip.lb_pip"
          ]
        }
      ]
    },
    {
      "mode": "managed",
      "type": "azurerm_lb_rule",
      "name": "https_rule",
      "provider": "provider[\"registry.terraform.io/hashicorp/azurerm\"]",
      "instances": [
        {
          "schema_version": 0,
          "attributes": {
            "backend_address_pool_ids": [
              "/subscriptions/18a54fef-d36d-4d1c-b7b4-c468a773149b/resourceGroups/rg-abarzi-sch/providers/Microsoft.Network/loadBalancers/LB-demo-sc/backendAddressPools/BackendPool"
            ],
            "backend_port": 443,
            "disable_outbound_snat": false,
            "enable_floating_ip": false,
            "enable_tcp_reset": false,
            "floating_ip_enabled": false,
            "frontend_ip_configuration_id": "/subscriptions/18a54fef-d36d-4d1c-b7b4-c468a773149b/resourceGroups/rg-abarzi-sch/providers/Microsoft.Network/loadBalancers/LB-demo-sc/frontendIPConfigurations/PublicFrontEnd",
            "frontend_ip_configuration_name": "PublicFrontEnd",
            "frontend_port": 443,
            "id": "/subscriptions/18a54fef-d36d-4d1c-b7b4-c468a773149b/resourceGroups/rg-abarzi-sch/providers/Microsoft.Network/loadBalancers/LB-demo-sc/loadBalancingRules/https-rule",
            "idle_timeout_in_minutes": 4,
            "load_distribution": "Default",
            "loadbalancer_id": "/subscriptions/18a54fef-d36d-4d1c-b7b4-c468a773149b/resourceGroups/rg-abarzi-sch/providers/Microsoft.Network/loadBalancers/LB-demo-sc",
            "name": "https-rule",
            "probe_id": "/subscriptions/18a54fef-d36d-4d1c-b7b4-c468a773149b/resourceGroups/rg-abarzi-sch/providers/Microsoft.Network/loadBalancers/LB-demo-sc/probes/https-probe",
            "protocol": "Tcp",
            "tcp_reset_enabled": false,
            "timeouts": null
          },
          "sensitive_attributes": [],
          "identity_schema_version": 0,
          "private": "eyJlMmJmYjczMC1lY2FhLTExZTYtOGY4OC0zNDM2M2JjN2M0YzAiOnsiY3JlYXRlIjoxODAwMDAwMDAwMDAwLCJkZWxldGUiOjE4MDAwMDAwMDAwMDAsInJlYWQiOjMwMDAwMDAwMDAwMCwidXBkYXRlIjoxODAwMDAwMDAwMDAwfX0=",
          "dependencies": [
            "azurerm_lb.lb_demo_sc",
            "azurerm_lb_backend_address_pool.lb_backend",
            "azurerm_lb_probe.https_probe",
            "azurerm_public_ip.lb_pip"
          ]
        }
      ]
    },
    {
      "mode": "managed",
      "type": "azurerm_network_interface",
      "name": "vm_nics",
      "provider": "provider[\"registry.terraform.io/hashicorp/azurerm\"]",
      "instances": [
        {
          "index_key": "vm-mgmt-swc",
          "schema_version": 0,
          "attributes": {
            "accelerated_networking_enabled": false,
            "applied_dns_servers": [],
            "auxiliary_mode": "",
            "auxiliary_sku": "",
            "dns_servers": [],
            "edge_zone": "",
            "id": "/subscriptions/18a54fef-d36d-4d1c-b7b4-c468a773149b/resourceGroups/rg-abarzi-sch/providers/Microsoft.Network/networkInterfaces/nic-vm-mgmt-swc",
            "internal_dns_name_label": "",
            "internal_domain_name_suffix": "iypay3m0pyfengznh0lbhkqccg.gvxx.internal.cloudapp.net",
            "ip_configuration": [
              {
                "gateway_load_balancer_frontend_ip_configuration_id": "",
                "name": "ipconfig-vm-mgmt-swc",
                "primary": true,
                "private_ip_address": "10.50.0.4",
                "private_ip_address_allocation": "Dynamic",
                "private_ip_address_version": "IPv4",
                "public_ip_address_id": "/subscriptions/18a54fef-d36d-4d1c-b7b4-c468a773149b/resourceGroups/rg-abarzi-sch/providers/Microsoft.Network/publicIPAddresses/pip-vm-mgmt-swc",
                "subnet_id": "/subscriptions/18a54fef-d36d-4d1c-b7b4-c468a773149b/resourceGroups/rg-abarzi-sch/providers/Microsoft.Network/virtualNetworks/vnet-shared-swc/subnets/sub-mgmt"
              }
            ],
            "ip_forwarding_enabled": false,
            "location": "swedencentral",
            "mac_address": "7C-1E-52-33-62-F9",
            "name": "nic-vm-mgmt-swc",
            "private_ip_address": "10.50.0.4",
            "private_ip_addresses": [
              "10.50.0.4"
            ],
            "resource_group_name": "rg-abarzi-sch",
            "tags": {
              "owner": "amir"
            },
            "timeouts": null,
            "virtual_machine_id": "/subscriptions/18a54fef-d36d-4d1c-b7b4-c468a773149b/resourceGroups/rg-abarzi-sch/providers/Microsoft.Compute/virtualMachines/vm-mgmt-swc"
          },
          "sensitive_attributes": [],
          "identity_schema_version": 0,
          "identity": {
            "name": "nic-vm-mgmt-swc",
            "resource_group_name": "rg-abarzi-sch",
            "subscription_id": "18a54fef-d36d-4d1c-b7b4-c468a773149b"
          },
          "private": "eyJlMmJmYjczMC1lY2FhLTExZTYtOGY4OC0zNDM2M2JjN2M0YzAiOnsiY3JlYXRlIjoxODAwMDAwMDAwMDAwLCJkZWxldGUiOjE4MDAwMDAwMDAwMDAsInJlYWQiOjMwMDAwMDAwMDAwMCwidXBkYXRlIjoxODAwMDAwMDAwMDAwfX0=",
          "dependencies": [
            "azurerm_public_ip.vm_pip_mgmt",
            "azurerm_subnet.subnets",
            "azurerm_virtual_network.vnet"
          ]
        },
        {
          "index_key": "vm-web1-demo",
          "schema_version": 0,
          "attributes": {
            "accelerated_networking_enabled": false,
            "applied_dns_servers": [],
            "auxiliary_mode": "",
            "auxiliary_sku": "",
            "dns_servers": [],
            "edge_zone": "",
            "id": "/subscriptions/18a54fef-d36d-4d1c-b7b4-c468a773149b/resourceGroups/rg-abarzi-sch/providers/Microsoft.Network/networkInterfaces/nic-vm-web1-demo",
            "internal_dns_name_label": "",
            "internal_domain_name_suffix": "iypay3m0pyfengznh0lbhkqccg.gvxx.internal.cloudapp.net",
            "ip_configuration": [
              {
                "gateway_load_balancer_frontend_ip_configuration_id": "",
                "name": "ipconfig-vm-web1-demo",
                "primary": true,
                "private_ip_address": "10.50.1.5",
                "private_ip_address_allocation": "Dynamic",
                "private_ip_address_version": "IPv4",
                "public_ip_address_id": "",
                "subnet_id": "/subscriptions/18a54fef-d36d-4d1c-b7b4-c468a773149b/resourceGroups/rg-abarzi-sch/providers/Microsoft.Network/virtualNetworks/vnet-shared-swc/subnets/sub-apps"
              }
            ],
            "ip_forwarding_enabled": false,
            "location": "swedencentral",
            "mac_address": "7C-1E-52-33-65-DA",
            "name": "nic-vm-web1-demo",
            "private_ip_address": "10.50.1.5",
            "private_ip_addresses": [
              "10.50.1.5"
            ],
            "resource_group_name": "rg-abarzi-sch",
            "tags": {
              "owner": "amir"
            },
            "timeouts": null,
            "virtual_machine_id": "/subscriptions/18a54fef-d36d-4d1c-b7b4-c468a773149b/resourceGroups/rg-abarzi-sch/providers/Microsoft.Compute/virtualMachines/vm-web1-demo"
          },
          "sensitive_attributes": [],
          "identity_schema_version": 0,
          "identity": {
            "name": "nic-vm-web1-demo",
            "resource_group_name": "rg-abarzi-sch",
            "subscription_id": "18a54fef-d36d-4d1c-b7b4-c468a773149b"
          },
          "private": "eyJlMmJmYjczMC1lY2FhLTExZTYtOGY4OC0zNDM2M2JjN2M0YzAiOnsiY3JlYXRlIjoxODAwMDAwMDAwMDAwLCJkZWxldGUiOjE4MDAwMDAwMDAwMDAsInJlYWQiOjMwMDAwMDAwMDAwMCwidXBkYXRlIjoxODAwMDAwMDAwMDAwfX0=",
          "dependencies": [
            "azurerm_public_ip.vm_pip_mgmt",
            "azurerm_subnet.subnets",
            "azurerm_virtual_network.vnet"
          ]
        },
        {
          "index_key": "vm-web2-demo",
          "schema_version": 0,
          "attributes": {
            "accelerated_networking_enabled": false,
            "applied_dns_servers": [],
            "auxiliary_mode": "",
            "auxiliary_sku": "",
            "dns_servers": [],
            "edge_zone": "",
            "id": "/subscriptions/18a54fef-d36d-4d1c-b7b4-c468a773149b/resourceGroups/rg-abarzi-sch/providers/Microsoft.Network/networkInterfaces/nic-vm-web2-demo",
            "internal_dns_name_label": "",
            "internal_domain_name_suffix": "iypay3m0pyfengznh0lbhkqccg.gvxx.internal.cloudapp.net",
            "ip_configuration": [
              {
                "gateway_load_balancer_frontend_ip_configuration_id": "",
                "name": "ipconfig-vm-web2-demo",
                "primary": true,
                "private_ip_address": "10.50.1.4",
                "private_ip_address_allocation": "Dynamic",
                "private_ip_address_version": "IPv4",
                "public_ip_address_id": "",
                "subnet_id": "/subscriptions/18a54fef-d36d-4d1c-b7b4-c468a773149b/resourceGroups/rg-abarzi-sch/providers/Microsoft.Network/virtualNetworks/vnet-shared-swc/subnets/sub-apps"
              }
            ],
            "ip_forwarding_enabled": false,
            "location": "swedencentral",
            "mac_address": "7C-ED-8D-9E-6A-BB",
            "name": "nic-vm-web2-demo",
            "private_ip_address": "10.50.1.4",
            "private_ip_addresses": [
              "10.50.1.4"
            ],
            "resource_group_name": "rg-abarzi-sch",
            "tags": {
              "owner": "amir"
            },
            "timeouts": null,
            "virtual_machine_id": "/subscriptions/18a54fef-d36d-4d1c-b7b4-c468a773149b/resourceGroups/rg-abarzi-sch/providers/Microsoft.Compute/virtualMachines/vm-web2-demo"
          },
          "sensitive_attributes": [],
          "identity_schema_version": 0,
          "identity": {
            "name": "nic-vm-web2-demo",
            "resource_group_name": "rg-abarzi-sch",
            "subscription_id": "18a54fef-d36d-4d1c-b7b4-c468a773149b"
          },
          "private": "eyJlMmJmYjczMC1lY2FhLTExZTYtOGY4OC0zNDM2M2JjN2M0YzAiOnsiY3JlYXRlIjoxODAwMDAwMDAwMDAwLCJkZWxldGUiOjE4MDAwMDAwMDAwMDAsInJlYWQiOjMwMDAwMDAwMDAwMCwidXBkYXRlIjoxODAwMDAwMDAwMDAwfX0=",
          "dependencies": [
            "azurerm_public_ip.vm_pip_mgmt",
            "azurerm_subnet.subnets",
            "azurerm_virtual_network.vnet"
          ]
        }
      ]
    },
    {
      "mode": "managed",
      "type": "azurerm_network_interface_backend_address_pool_association",
      "name": "nic_lb_assoc",
      "provider": "provider[\"registry.terraform.io/hashicorp/azurerm\"]",
      "instances": [
        {
          "index_key": "vm-web1-demo",
          "schema_version": 0,
          "attributes": {
            "backend_address_pool_id": "/subscriptions/18a54fef-d36d-4d1c-b7b4-c468a773149b/resourceGroups/rg-abarzi-sch/providers/Microsoft.Network/loadBalancers/LB-demo-sc/backendAddressPools/BackendPool",
            "id": "/subscriptions/18a54fef-d36d-4d1c-b7b4-c468a773149b/resourceGroups/rg-abarzi-sch/providers/Microsoft.Network/networkInterfaces/nic-vm-web1-demo/ipConfigurations/ipconfig-vm-web1-demo|/subscriptions/18a54fef-d36d-4d1c-b7b4-c468a773149b/resourceGroups/rg-abarzi-sch/providers/Microsoft.Network/loadBalancers/LB-demo-sc/backendAddressPools/BackendPool",
            "ip_configuration_name": "ipconfig-vm-web1-demo",
            "network_interface_id": "/subscriptions/18a54fef-d36d-4d1c-b7b4-c468a773149b/resourceGroups/rg-abarzi-sch/providers/Microsoft.Network/networkInterfaces/nic-vm-web1-demo",
            "timeouts": null
          },
          "sensitive_attributes": [],
          "identity_schema_version": 0,
          "private": "eyJlMmJmYjczMC1lY2FhLTExZTYtOGY4OC0zNDM2M2JjN2M0YzAiOnsiY3JlYXRlIjoxODAwMDAwMDAwMDAwLCJkZWxldGUiOjE4MDAwMDAwMDAwMDAsInJlYWQiOjMwMDAwMDAwMDAwMH19",
          "dependencies": [
            "azurerm_lb.lb_demo_sc",
            "azurerm_lb_backend_address_pool.lb_backend",
            "azurerm_network_interface.vm_nics",
            "azurerm_public_ip.lb_pip",
            "azurerm_public_ip.vm_pip_mgmt",
            "azurerm_subnet.subnets",
            "azurerm_virtual_network.vnet"
          ]
        },
        {
          "index_key": "vm-web2-demo",
          "schema_version": 0,
          "attributes": {
            "backend_address_pool_id": "/subscriptions/18a54fef-d36d-4d1c-b7b4-c468a773149b/resourceGroups/rg-abarzi-sch/providers/Microsoft.Network/loadBalancers/LB-demo-sc/backendAddressPools/BackendPool",
            "id": "/subscriptions/18a54fef-d36d-4d1c-b7b4-c468a773149b/resourceGroups/rg-abarzi-sch/providers/Microsoft.Network/networkInterfaces/nic-vm-web2-demo/ipConfigurations/ipconfig-vm-web2-demo|/subscriptions/18a54fef-d36d-4d1c-b7b4-c468a773149b/resourceGroups/rg-abarzi-sch/providers/Microsoft.Network/loadBalancers/LB-demo-sc/backendAddressPools/BackendPool",
            "ip_configuration_name": "ipconfig-vm-web2-demo",
            "network_interface_id": "/subscriptions/18a54fef-d36d-4d1c-b7b4-c468a773149b/resourceGroups/rg-abarzi-sch/providers/Microsoft.Network/networkInterfaces/nic-vm-web2-demo",
            "timeouts": null
          },
          "sensitive_attributes": [],
          "identity_schema_version": 0,
          "private": "eyJlMmJmYjczMC1lY2FhLTExZTYtOGY4OC0zNDM2M2JjN2M0YzAiOnsiY3JlYXRlIjoxODAwMDAwMDAwMDAwLCJkZWxldGUiOjE4MDAwMDAwMDAwMDAsInJlYWQiOjMwMDAwMDAwMDAwMH19",
          "dependencies": [
            "azurerm_lb.lb_demo_sc",
            "azurerm_lb_backend_address_pool.lb_backend",
            "azurerm_network_interface.vm_nics",
            "azurerm_public_ip.lb_pip",
            "azurerm_public_ip.vm_pip_mgmt",
            "azurerm_subnet.subnets",
            "azurerm_virtual_network.vnet"
          ]
        }
      ]
    },
    {
      "mode": "managed",
      "type": "azurerm_network_security_group",
      "name": "nsgs",
      "provider": "provider[\"registry.terraform.io/hashicorp/azurerm\"]",
      "instances": [
        {
          "index_key": "sub-apps",
          "schema_version": 0,
          "attributes": {
            "id": "/subscriptions/18a54fef-d36d-4d1c-b7b4-c468a773149b/resourceGroups/rg-abarzi-sch/providers/Microsoft.Network/networkSecurityGroups/nsg-sub-apps",
            "location": "swedencentral",
            "name": "nsg-sub-apps",
            "resource_group_name": "rg-abarzi-sch",
            "security_rule": [
              {
                "access": "Allow",
                "description": "",
                "destination_address_prefix": "*",
                "destination_address_prefixes": [],
                "destination_application_security_group_ids": [],
                "destination_port_range": "3389",
                "destination_port_ranges": [],
                "direction": "Inbound",
                "name": "Allow-RDP-From-sub-mgmt",
                "priority": 310,
                "protocol": "Tcp",
                "source_address_prefix": "10.50.0.0/24",
                "source_address_prefixes": [],
                "source_application_security_group_ids": [],
                "source_port_range": "*",
                "source_port_ranges": []
              },
              {
                "access": "Allow",
                "description": "",
                "destination_address_prefix": "*",
                "destination_address_prefixes": [],
                "destination_application_security_group_ids": [],
                "destination_port_range": "443",
                "destination_port_ranges": [],
                "direction": "Inbound",
                "name": "Allow-HTTPS",
                "priority": 330,
                "protocol": "Tcp",
                "source_address_prefix": "10.50.0.0/24",
                "source_address_prefixes": [],
                "source_application_security_group_ids": [],
                "source_port_range": "*",
                "source_port_ranges": []
              },
              {
                "access": "Allow",
                "description": "",
                "destination_address_prefix": "*",
                "destination_address_prefixes": [],
                "destination_application_security_group_ids": [],
                "destination_port_range": "80",
                "destination_port_ranges": [],
                "direction": "Inbound",
                "name": "Allow-HTTP",
                "priority": 320,
                "protocol": "Tcp",
                "source_address_prefix": "10.50.0.0/24",
                "source_address_prefixes": [],
                "source_application_security_group_ids": [],
                "source_port_range": "*",
                "source_port_ranges": []
              }
            ],
            "tags": {
              "owner": "amir"
            },
            "timeouts": null
          },
          "sensitive_attributes": [],
          "identity_schema_version": 0,
          "identity": {
            "name": "nsg-sub-apps",
            "resource_group_name": "rg-abarzi-sch",
            "subscription_id": "18a54fef-d36d-4d1c-b7b4-c468a773149b"
          },
          "private": "eyJlMmJmYjczMC1lY2FhLTExZTYtOGY4OC0zNDM2M2JjN2M0YzAiOnsiY3JlYXRlIjoxODAwMDAwMDAwMDAwLCJkZWxldGUiOjE4MDAwMDAwMDAwMDAsInJlYWQiOjMwMDAwMDAwMDAwMCwidXBkYXRlIjoxODAwMDAwMDAwMDAwfX0="
        },
        {
          "index_key": "sub-mgmt",
          "schema_version": 0,
          "attributes": {
            "id": "/subscriptions/18a54fef-d36d-4d1c-b7b4-c468a773149b/resourceGroups/rg-abarzi-sch/providers/Microsoft.Network/networkSecurityGroups/nsg-sub-mgmt",
            "location": "swedencentral",
            "name": "nsg-sub-mgmt",
            "resource_group_name": "rg-abarzi-sch",
            "security_rule": [
              {
                "access": "Allow",
                "description": "",
                "destination_address_prefix": "*",
                "destination_address_prefixes": [],
                "destination_application_security_group_ids": [],
                "destination_port_range": "3389",
                "destination_port_ranges": [],
                "direction": "Inbound",
                "name": "RDP",
                "priority": 300,
                "protocol": "Tcp",
                "source_address_prefix": "*",
                "source_address_prefixes": [],
                "source_application_security_group_ids": [],
                "source_port_range": "*",
                "source_port_ranges": []
              }
            ],
            "tags": {
              "owner": "amir"
            },
            "timeouts": null
          },
          "sensitive_attributes": [],
          "identity_schema_version": 0,
          "identity": {
            "name": "nsg-sub-mgmt",
            "resource_group_name": "rg-abarzi-sch",
            "subscription_id": "18a54fef-d36d-4d1c-b7b4-c468a773149b"
          },
          "private": "eyJlMmJmYjczMC1lY2FhLTExZTYtOGY4OC0zNDM2M2JjN2M0YzAiOnsiY3JlYXRlIjoxODAwMDAwMDAwMDAwLCJkZWxldGUiOjE4MDAwMDAwMDAwMDAsInJlYWQiOjMwMDAwMDAwMDAwMCwidXBkYXRlIjoxODAwMDAwMDAwMDAwfX0="
        }
      ]
    },
    {
      "mode": "managed",
      "type": "azurerm_network_security_rule",
      "name": "http_subapps",
      "provider": "provider[\"registry.terraform.io/hashicorp/azurerm\"]",
      "instances": [
        {
          "schema_version": 0,
          "attributes": {
            "access": "Allow",
            "description": "",
            "destination_address_prefix": "*",
            "destination_address_prefixes": [],
            "destination_application_security_group_ids": [],
            "destination_port_range": "80",
            "destination_port_ranges": [],
            "direction": "Inbound",
            "id": "/subscriptions/18a54fef-d36d-4d1c-b7b4-c468a773149b/resourceGroups/rg-abarzi-sch/providers/Microsoft.Network/networkSecurityGroups/nsg-sub-apps/securityRules/Allow-HTTP",
            "name": "Allow-HTTP",
            "network_security_group_name": "nsg-sub-apps",
            "priority": 320,
            "protocol": "Tcp",
            "resource_group_name": "rg-abarzi-sch",
            "source_address_prefix": "10.50.0.0/24",
            "source_address_prefixes": [],
            "source_application_security_group_ids": [],
            "source_port_range": "*",
            "source_port_ranges": [],
            "timeouts": null
          },
          "sensitive_attributes": [],
          "identity_schema_version": 0,
          "identity": {
            "name": "Allow-HTTP",
            "network_security_group_name": "nsg-sub-apps",
            "resource_group_name": "rg-abarzi-sch",
            "subscription_id": "18a54fef-d36d-4d1c-b7b4-c468a773149b"
          },
          "private": "eyJlMmJmYjczMC1lY2FhLTExZTYtOGY4OC0zNDM2M2JjN2M0YzAiOnsiY3JlYXRlIjoxODAwMDAwMDAwMDAwLCJkZWxldGUiOjE4MDAwMDAwMDAwMDAsInJlYWQiOjMwMDAwMDAwMDAwMCwidXBkYXRlIjoxODAwMDAwMDAwMDAwfX0=",
          "dependencies": [
            "azurerm_network_security_group.nsgs"
          ]
        }
      ]
    },
    {
      "mode": "managed",
      "type": "azurerm_network_security_rule",
      "name": "https_subapps",
      "provider": "provider[\"registry.terraform.io/hashicorp/azurerm\"]",
      "instances": [
        {
          "schema_version": 0,
          "attributes": {
            "access": "Allow",
            "description": "",
            "destination_address_prefix": "*",
            "destination_address_prefixes": [],
            "destination_application_security_group_ids": [],
            "destination_port_range": "443",
            "destination_port_ranges": [],
            "direction": "Inbound",
            "id": "/subscriptions/18a54fef-d36d-4d1c-b7b4-c468a773149b/resourceGroups/rg-abarzi-sch/providers/Microsoft.Network/networkSecurityGroups/nsg-sub-apps/securityRules/Allow-HTTPS",
            "name": "Allow-HTTPS",
            "network_security_group_name": "nsg-sub-apps",
            "priority": 330,
            "protocol": "Tcp",
            "resource_group_name": "rg-abarzi-sch",
            "source_address_prefix": "10.50.0.0/24",
            "source_address_prefixes": [],
            "source_application_security_group_ids": [],
            "source_port_range": "*",
            "source_port_ranges": [],
            "timeouts": null
          },
          "sensitive_attributes": [],
          "identity_schema_version": 0,
          "identity": {
            "name": "Allow-HTTPS",
            "network_security_group_name": "nsg-sub-apps",
            "resource_group_name": "rg-abarzi-sch",
            "subscription_id": "18a54fef-d36d-4d1c-b7b4-c468a773149b"
          },
          "private": "eyJlMmJmYjczMC1lY2FhLTExZTYtOGY4OC0zNDM2M2JjN2M0YzAiOnsiY3JlYXRlIjoxODAwMDAwMDAwMDAwLCJkZWxldGUiOjE4MDAwMDAwMDAwMDAsInJlYWQiOjMwMDAwMDAwMDAwMCwidXBkYXRlIjoxODAwMDAwMDAwMDAwfX0=",
          "dependencies": [
            "azurerm_network_security_group.nsgs"
          ]
        }
      ]
    },
    {
      "mode": "managed",
      "type": "azurerm_network_security_rule",
      "name": "rdp_from_my_ip",
      "provider": "provider[\"registry.terraform.io/hashicorp/azurerm\"]",
      "instances": [
        {
          "schema_version": 0,
          "attributes": {
            "access": "Allow",
            "description": "",
            "destination_address_prefix": "*",
            "destination_address_prefixes": null,
            "destination_application_security_group_ids": null,
            "destination_port_range": "3389",
            "destination_port_ranges": null,
            "direction": "Inbound",
            "id": "/subscriptions/18a54fef-d36d-4d1c-b7b4-c468a773149b/resourceGroups/rg-abarzi-sch/providers/Microsoft.Network/networkSecurityGroups/nsg-sub-mgmt/securityRules/Allow-RDP-From-My-IP",
            "name": "Allow-RDP-From-My-IP",
            "network_security_group_name": "nsg-sub-mgmt",
            "priority": 310,
            "protocol": "Tcp",
            "resource_group_name": "rg-abarzi-sch",
            "source_address_prefix": "91.25.202.146/32",
            "source_address_prefixes": null,
            "source_application_security_group_ids": null,
            "source_port_range": "*",
            "source_port_ranges": null,
            "timeouts": null
          },
          "sensitive_attributes": [],
          "identity_schema_version": 0,
          "identity": {
            "name": "Allow-RDP-From-My-IP",
            "network_security_group_name": "nsg-sub-mgmt",
            "resource_group_name": "rg-abarzi-sch",
            "subscription_id": "18a54fef-d36d-4d1c-b7b4-c468a773149b"
          },
          "private": "eyJlMmJmYjczMC1lY2FhLTExZTYtOGY4OC0zNDM2M2JjN2M0YzAiOnsiY3JlYXRlIjoxODAwMDAwMDAwMDAwLCJkZWxldGUiOjE4MDAwMDAwMDAwMDAsInJlYWQiOjMwMDAwMDAwMDAwMCwidXBkYXRlIjoxODAwMDAwMDAwMDAwfX0=",
          "dependencies": [
            "azurerm_network_security_group.nsgs",
            "data.http.my_ip"
          ]
        }
      ]
    },
    {
      "mode": "managed",
      "type": "azurerm_network_security_rule",
      "name": "rdp_internal_subapps",
      "provider": "provider[\"registry.terraform.io/hashicorp/azurerm\"]",
      "instances": [
        {
          "schema_version": 0,
          "attributes": {
            "access": "Allow",
            "description": "",
            "destination_address_prefix": "*",
            "destination_address_prefixes": [],
            "destination_application_security_group_ids": [],
            "destination_port_range": "3389",
            "destination_port_ranges": [],
            "direction": "Inbound",
            "id": "/subscriptions/18a54fef-d36d-4d1c-b7b4-c468a773149b/resourceGroups/rg-abarzi-sch/providers/Microsoft.Network/networkSecurityGroups/nsg-sub-apps/securityRules/Allow-RDP-From-sub-mgmt",
            "name": "Allow-RDP-From-sub-mgmt",
            "network_security_group_name": "nsg-sub-apps",
            "priority": 310,
            "protocol": "Tcp",
            "resource_group_name": "rg-abarzi-sch",
            "source_address_prefix": "10.50.0.0/24",
            "source_address_prefixes": [],
            "source_application_security_group_ids": [],
            "source_port_range": "*",
            "source_port_ranges": [],
            "timeouts": null
          },
          "sensitive_attributes": [],
          "identity_schema_version": 0,
          "identity": {
            "name": "Allow-RDP-From-sub-mgmt",
            "network_security_group_name": "nsg-sub-apps",
            "resource_group_name": "rg-abarzi-sch",
            "subscription_id": "18a54fef-d36d-4d1c-b7b4-c468a773149b"
          },
          "private": "eyJlMmJmYjczMC1lY2FhLTExZTYtOGY4OC0zNDM2M2JjN2M0YzAiOnsiY3JlYXRlIjoxODAwMDAwMDAwMDAwLCJkZWxldGUiOjE4MDAwMDAwMDAwMDAsInJlYWQiOjMwMDAwMDAwMDAwMCwidXBkYXRlIjoxODAwMDAwMDAwMDAwfX0=",
          "dependencies": [
            "azurerm_network_security_group.nsgs"
          ]
        }
      ]
    },
    {
      "mode": "managed",
      "type": "azurerm_public_ip",
      "name": "lb_pip",
      "provider": "provider[\"registry.terraform.io/hashicorp/azurerm\"]",
      "instances": [
        {
          "schema_version": 0,
          "attributes": {
            "allocation_method": "Static",
            "ddos_protection_mode": "VirtualNetworkInherited",
            "ddos_protection_plan_id": null,
            "domain_name_label": null,
            "domain_name_label_scope": null,
            "edge_zone": "",
            "fqdn": null,
            "id": "/subscriptions/18a54fef-d36d-4d1c-b7b4-c468a773149b/resourceGroups/rg-abarzi-sch/providers/Microsoft.Network/publicIPAddresses/pip-LB-demo-sc",
            "idle_timeout_in_minutes": 4,
            "ip_address": "20.91.217.241",
            "ip_tags": {},
            "ip_version": "IPv4",
            "location": "swedencentral",
            "name": "pip-LB-demo-sc",
            "public_ip_prefix_id": null,
            "resource_group_name": "rg-abarzi-sch",
            "reverse_fqdn": null,
            "sku": "Standard",
            "sku_tier": "Regional",
            "tags": {
              "owner": "amir"
            },
            "timeouts": null,
            "zones": []
          },
          "sensitive_attributes": [],
          "identity_schema_version": 0,
          "private": "eyJlMmJmYjczMC1lY2FhLTExZTYtOGY4OC0zNDM2M2JjN2M0YzAiOnsiY3JlYXRlIjoxODAwMDAwMDAwMDAwLCJkZWxldGUiOjE4MDAwMDAwMDAwMDAsInJlYWQiOjMwMDAwMDAwMDAwMCwidXBkYXRlIjoxODAwMDAwMDAwMDAwfX0="
        }
      ]
    },
    {
      "mode": "managed",
      "type": "azurerm_public_ip",
      "name": "vm_pip_mgmt",
      "provider": "provider[\"registry.terraform.io/hashicorp/azurerm\"]",
      "instances": [
        {
          "schema_version": 0,
          "attributes": {
            "allocation_method": "Static",
            "ddos_protection_mode": "VirtualNetworkInherited",
            "ddos_protection_plan_id": null,
            "domain_name_label": null,
            "domain_name_label_scope": null,
            "edge_zone": "",
            "fqdn": null,
            "id": "/subscriptions/18a54fef-d36d-4d1c-b7b4-c468a773149b/resourceGroups/rg-abarzi-sch/providers/Microsoft.Network/publicIPAddresses/pip-vm-mgmt-swc",
            "idle_timeout_in_minutes": 4,
            "ip_address": "4.223.225.76",
            "ip_tags": {},
            "ip_version": "IPv4",
            "location": "swedencentral",
            "name": "pip-vm-mgmt-swc",
            "public_ip_prefix_id": null,
            "resource_group_name": "rg-abarzi-sch",
            "reverse_fqdn": null,
            "sku": "Standard",
            "sku_tier": "Regional",
            "tags": {
              "owner": "amir"
            },
            "timeouts": null,
            "zones": []
          },
          "sensitive_attributes": [],
          "identity_schema_version": 0,
          "private": "eyJlMmJmYjczMC1lY2FhLTExZTYtOGY4OC0zNDM2M2JjN2M0YzAiOnsiY3JlYXRlIjoxODAwMDAwMDAwMDAwLCJkZWxldGUiOjE4MDAwMDAwMDAwMDAsInJlYWQiOjMwMDAwMDAwMDAwMCwidXBkYXRlIjoxODAwMDAwMDAwMDAwfX0="
        }
      ]
    },
    {
      "mode": "managed",
      "type": "azurerm_subnet",
      "name": "subnets",
      "provider": "provider[\"registry.terraform.io/hashicorp/azurerm\"]",
      "instances": [
        {
          "index_key": "sub-apps",
          "schema_version": 0,
          "attributes": {
            "address_prefixes": [
              "10.50.1.0/24"
            ],
            "default_outbound_access_enabled": true,
            "delegation": [],
            "id": "/subscriptions/18a54fef-d36d-4d1c-b7b4-c468a773149b/resourceGroups/rg-abarzi-sch/providers/Microsoft.Network/virtualNetworks/vnet-shared-swc/subnets/sub-apps",
            "ip_address_pool": [],
            "name": "sub-apps",
            "private_endpoint_network_policies": "Disabled",
            "private_link_service_network_policies_enabled": true,
            "resource_group_name": "rg-abarzi-sch",
            "service_endpoint_policy_ids": [],
            "service_endpoints": [],
            "sharing_scope": "",
            "timeouts": null,
            "virtual_network_name": "vnet-shared-swc"
          },
          "sensitive_attributes": [],
          "identity_schema_version": 0,
          "identity": {
            "name": "sub-apps",
            "resource_group_name": "rg-abarzi-sch",
            "subscription_id": "18a54fef-d36d-4d1c-b7b4-c468a773149b",
            "virtual_network_name": "vnet-shared-swc"
          },
          "private": "eyJlMmJmYjczMC1lY2FhLTExZTYtOGY4OC0zNDM2M2JjN2M0YzAiOnsiY3JlYXRlIjoxODAwMDAwMDAwMDAwLCJkZWxldGUiOjE4MDAwMDAwMDAwMDAsInJlYWQiOjMwMDAwMDAwMDAwMCwidXBkYXRlIjoxODAwMDAwMDAwMDAwfX0=",
          "dependencies": [
            "azurerm_virtual_network.vnet"
          ]
        },
        {
          "index_key": "sub-mgmt",
          "schema_version": 0,
          "attributes": {
            "address_prefixes": [
              "10.50.0.0/24"
            ],
            "default_outbound_access_enabled": true,
            "delegation": [],
            "id": "/subscriptions/18a54fef-d36d-4d1c-b7b4-c468a773149b/resourceGroups/rg-abarzi-sch/providers/Microsoft.Network/virtualNetworks/vnet-shared-swc/subnets/sub-mgmt",
            "ip_address_pool": [],
            "name": "sub-mgmt",
            "private_endpoint_network_policies": "Disabled",
            "private_link_service_network_policies_enabled": true,
            "resource_group_name": "rg-abarzi-sch",
            "service_endpoint_policy_ids": [],
            "service_endpoints": [],
            "sharing_scope": "",
            "timeouts": null,
            "virtual_network_name": "vnet-shared-swc"
          },
          "sensitive_attributes": [],
          "identity_schema_version": 0,
          "identity": {
            "name": "sub-mgmt",
            "resource_group_name": "rg-abarzi-sch",
            "subscription_id": "18a54fef-d36d-4d1c-b7b4-c468a773149b",
            "virtual_network_name": "vnet-shared-swc"
          },
          "private": "eyJlMmJmYjczMC1lY2FhLTExZTYtOGY4OC0zNDM2M2JjN2M0YzAiOnsiY3JlYXRlIjoxODAwMDAwMDAwMDAwLCJkZWxldGUiOjE4MDAwMDAwMDAwMDAsInJlYWQiOjMwMDAwMDAwMDAwMCwidXBkYXRlIjoxODAwMDAwMDAwMDAwfX0=",
          "dependencies": [
            "azurerm_virtual_network.vnet"
          ]
        }
      ]
    },
    {
      "mode": "managed",
      "type": "azurerm_subnet_network_security_group_association",
      "name": "nsg_assoc",
      "provider": "provider[\"registry.terraform.io/hashicorp/azurerm\"]",
      "instances": [
        {
          "index_key": "sub-apps",
          "schema_version": 0,
          "attributes": {
            "id": "/subscriptions/18a54fef-d36d-4d1c-b7b4-c468a773149b/resourceGroups/rg-abarzi-sch/providers/Microsoft.Network/virtualNetworks/vnet-shared-swc/subnets/sub-apps",
            "network_security_group_id": "/subscriptions/18a54fef-d36d-4d1c-b7b4-c468a773149b/resourceGroups/rg-abarzi-sch/providers/Microsoft.Network/networkSecurityGroups/nsg-sub-apps",
            "subnet_id": "/subscriptions/18a54fef-d36d-4d1c-b7b4-c468a773149b/resourceGroups/rg-abarzi-sch/providers/Microsoft.Network/virtualNetworks/vnet-shared-swc/subnets/sub-apps",
            "timeouts": null
          },
          "sensitive_attributes": [],
          "identity_schema_version": 0,
          "private": "eyJlMmJmYjczMC1lY2FhLTExZTYtOGY4OC0zNDM2M2JjN2M0YzAiOnsiY3JlYXRlIjoxODAwMDAwMDAwMDAwLCJkZWxldGUiOjE4MDAwMDAwMDAwMDAsInJlYWQiOjMwMDAwMDAwMDAwMH19",
          "dependencies": [
            "azurerm_network_security_group.nsgs",
            "azurerm_subnet.subnets",
            "azurerm_virtual_network.vnet"
          ]
        },
        {
          "index_key": "sub-mgmt",
          "schema_version": 0,
          "attributes": {
            "id": "/subscriptions/18a54fef-d36d-4d1c-b7b4-c468a773149b/resourceGroups/rg-abarzi-sch/providers/Microsoft.Network/virtualNetworks/vnet-shared-swc/subnets/sub-mgmt",
            "network_security_group_id": "/subscriptions/18a54fef-d36d-4d1c-b7b4-c468a773149b/resourceGroups/rg-abarzi-sch/providers/Microsoft.Network/networkSecurityGroups/nsg-sub-mgmt",
            "subnet_id": "/subscriptions/18a54fef-d36d-4d1c-b7b4-c468a773149b/resourceGroups/rg-abarzi-sch/providers/Microsoft.Network/virtualNetworks/vnet-shared-swc/subnets/sub-mgmt",
            "timeouts": null
          },
          "sensitive_attributes": [],
          "identity_schema_version": 0,
          "private": "eyJlMmJmYjczMC1lY2FhLTExZTYtOGY4OC0zNDM2M2JjN2M0YzAiOnsiY3JlYXRlIjoxODAwMDAwMDAwMDAwLCJkZWxldGUiOjE4MDAwMDAwMDAwMDAsInJlYWQiOjMwMDAwMDAwMDAwMH19",
          "dependencies": [
            "azurerm_network_security_group.nsgs",
            "azurerm_subnet.subnets",
            "azurerm_virtual_network.vnet"
          ]
        }
      ]
    },
    {
      "mode": "managed",
      "type": "azurerm_virtual_network",
      "name": "vnet",
      "provider": "provider[\"registry.terraform.io/hashicorp/azurerm\"]",
      "instances": [
        {
          "schema_version": 0,
          "attributes": {
            "address_space": [
              "10.50.0.0/16"
            ],
            "bgp_community": "",
            "ddos_protection_plan": [],
            "dns_servers": [],
            "edge_zone": "",
            "encryption": [],
            "flow_timeout_in_minutes": 0,
            "guid": "750c1e46-7e9a-460a-9b2d-3e9613aa0216",
            "id": "/subscriptions/18a54fef-d36d-4d1c-b7b4-c468a773149b/resourceGroups/rg-abarzi-sch/providers/Microsoft.Network/virtualNetworks/vnet-shared-swc",
            "ip_address_pool": [],
            "location": "swedencentral",
            "name": "vnet-shared-swc",
            "private_endpoint_vnet_policies": "Disabled",
            "resource_group_name": "rg-abarzi-sch",
            "subnet": [
              {
                "address_prefixes": [
                  "10.50.0.0/24"
                ],
                "default_outbound_access_enabled": true,
                "delegation": [],
                "id": "/subscriptions/18a54fef-d36d-4d1c-b7b4-c468a773149b/resourceGroups/rg-abarzi-sch/providers/Microsoft.Network/virtualNetworks/vnet-shared-swc/subnets/sub-mgmt",
                "name": "sub-mgmt",
                "private_endpoint_network_policies": "Disabled",
                "private_link_service_network_policies_enabled": true,
                "route_table_id": "",
                "security_group": "/subscriptions/18a54fef-d36d-4d1c-b7b4-c468a773149b/resourceGroups/rg-abarzi-sch/providers/Microsoft.Network/networkSecurityGroups/nsg-sub-mgmt",
                "service_endpoint_policy_ids": [],
                "service_endpoints": []
              },
              {
                "address_prefixes": [
                  "10.50.1.0/24"
                ],
                "default_outbound_access_enabled": true,
                "delegation": [],
                "id": "/subscriptions/18a54fef-d36d-4d1c-b7b4-c468a773149b/resourceGroups/rg-abarzi-sch/providers/Microsoft.Network/virtualNetworks/vnet-shared-swc/subnets/sub-apps",
                "name": "sub-apps",
                "private_endpoint_network_policies": "Disabled",
                "private_link_service_network_policies_enabled": true,
                "route_table_id": "",
                "security_group": "/subscriptions/18a54fef-d36d-4d1c-b7b4-c468a773149b/resourceGroups/rg-abarzi-sch/providers/Microsoft.Network/networkSecurityGroups/nsg-sub-apps",
                "service_endpoint_policy_ids": [],
                "service_endpoints": []
              }
            ],
            "tags": {
              "owner": "amir"
            },
            "timeouts": null
          },
          "sensitive_attributes": [],
          "identity_schema_version": 0,
          "identity": {
            "name": "vnet-shared-swc",
            "resource_group_name": "rg-abarzi-sch",
            "subscription_id": "18a54fef-d36d-4d1c-b7b4-c468a773149b"
          },
          "private": "eyJlMmJmYjczMC1lY2FhLTExZTYtOGY4OC0zNDM2M2JjN2M0YzAiOnsiY3JlYXRlIjoxODAwMDAwMDAwMDAwLCJkZWxldGUiOjE4MDAwMDAwMDAwMDAsInJlYWQiOjMwMDAwMDAwMDAwMCwidXBkYXRlIjoxODAwMDAwMDAwMDAwfX0="
        }
      ]
    },
    {
      "mode": "managed",
      "type": "azurerm_windows_virtual_machine",
      "name": "vms",
      "provider": "provider[\"registry.terraform.io/hashicorp/azurerm\"]",
      "instances": [
        {
          "index_key": "vm-mgmt-swc",
          "schema_version": 0,
          "attributes": {
            "additional_capabilities": [],
            "additional_unattend_content": [],
            "admin_password": "P@ssw0rd0P@ssw0rd1",
            "admin_username": "amir",
            "allow_extension_operations": true,
            "automatic_updates_enabled": true,
            "availability_set_id": "",
            "boot_diagnostics": [
              {
                "storage_account_uri": ""
              }
            ],
            "bypass_platform_safety_checks_on_user_schedule_enabled": false,
            "capacity_reservation_group_id": "",
            "computer_name": "vm-mgmt-swc",
            "custom_data": null,
            "dedicated_host_group_id": "",
            "dedicated_host_id": "",
            "disk_controller_type": "SCSI",
            "edge_zone": "",
            "enable_automatic_updates": true,
            "encryption_at_host_enabled": false,
            "eviction_policy": "",
            "extensions_time_budget": "PT1H30M",
            "gallery_application": [],
            "hotpatching_enabled": false,
            "id": "/subscriptions/18a54fef-d36d-4d1c-b7b4-c468a773149b/resourceGroups/rg-abarzi-sch/providers/Microsoft.Compute/virtualMachines/vm-mgmt-swc",
            "identity": [],
            "license_type": "",
            "location": "swedencentral",
            "max_bid_price": -1,
            "name": "vm-mgmt-swc",
            "network_interface_ids": [
              "/subscriptions/18a54fef-d36d-4d1c-b7b4-c468a773149b/resourceGroups/rg-abarzi-sch/providers/Microsoft.Network/networkInterfaces/nic-vm-mgmt-swc"
            ],
            "os_disk": [
              {
                "caching": "ReadWrite",
                "diff_disk_settings": [],
                "disk_encryption_set_id": "",
                "disk_size_gb": 127,
                "id": "/subscriptions/18a54fef-d36d-4d1c-b7b4-c468a773149b/resourceGroups/rg-abarzi-sch/providers/Microsoft.Compute/disks/vm-mgmt-swc_OsDisk_1_497e6ac6ca9c43ca989d06b422a1e57b",
                "name": "vm-mgmt-swc_OsDisk_1_497e6ac6ca9c43ca989d06b422a1e57b",
                "secure_vm_disk_encryption_set_id": "",
                "security_encryption_type": "",
                "storage_account_type": "Standard_LRS",
                "write_accelerator_enabled": false
              }
            ],
            "os_image_notification": [],
            "os_managed_disk_id": "/subscriptions/18a54fef-d36d-4d1c-b7b4-c468a773149b/resourceGroups/rg-abarzi-sch/providers/Microsoft.Compute/disks/vm-mgmt-swc_OsDisk_1_497e6ac6ca9c43ca989d06b422a1e57b",
            "patch_assessment_mode": "ImageDefault",
            "patch_mode": "AutomaticByOS",
            "plan": [],
            "platform_fault_domain": -1,
            "priority": "Regular",
            "private_ip_address": "10.50.0.4",
            "private_ip_addresses": [
              "10.50.0.4"
            ],
            "provision_vm_agent": true,
            "proximity_placement_group_id": "",
            "public_ip_address": "4.223.225.76",
            "public_ip_addresses": [
              "4.223.225.76"
            ],
            "reboot_setting": "",
            "resource_group_name": "rg-abarzi-sch",
            "secret": [],
            "secure_boot_enabled": false,
            "size": "Standard_D2as_v5",
            "source_image_id": "",
            "source_image_reference": [
              {
                "offer": "WindowsServer",
                "publisher": "MicrosoftWindowsServer",
                "sku": "2022-datacenter-azure-edition",
                "version": "latest"
              }
            ],
            "tags": {
              "owner": "amir"
            },
            "termination_notification": [],
            "timeouts": null,
            "timezone": "",
            "user_data": "",
            "virtual_machine_id": "2d3f37cf-380e-4097-a935-162d7cdaab48",
            "virtual_machine_scale_set_id": "",
            "vm_agent_platform_updates_enabled": true,
            "vtpm_enabled": false,
            "winrm_listener": [],
            "zone": "1"
          },
          "sensitive_attributes": [
            [
              {
                "type": "get_attr",
                "value": "admin_password"
              }
            ],
            [
              {
                "type": "get_attr",
                "value": "custom_data"
              }
            ]
          ],
          "identity_schema_version": 0,
          "private": "eyJlMmJmYjczMC1lY2FhLTExZTYtOGY4OC0zNDM2M2JjN2M0YzAiOnsiY3JlYXRlIjoyNzAwMDAwMDAwMDAwLCJkZWxldGUiOjI3MDAwMDAwMDAwMDAsInJlYWQiOjMwMDAwMDAwMDAwMCwidXBkYXRlIjoyNzAwMDAwMDAwMDAwfX0=",
          "dependencies": [
            "azurerm_key_vault.main",
            "azurerm_key_vault_access_policy.self",
            "azurerm_network_interface.vm_nics",
            "azurerm_public_ip.vm_pip_mgmt",
            "azurerm_subnet.subnets",
            "azurerm_virtual_network.vnet",
            "data.azurerm_client_config.current",
            "data.azurerm_key_vault_secret.vm_admin_pwd"
          ]
        },
        {
          "index_key": "vm-web1-demo",
          "schema_version": 0,
          "attributes": {
            "additional_capabilities": [],
            "additional_unattend_content": [],
            "admin_password": "P@ssw0rd0P@ssw0rd1",
            "admin_username": "amir",
            "allow_extension_operations": true,
            "automatic_updates_enabled": true,
            "availability_set_id": "",
            "boot_diagnostics": [
              {
                "storage_account_uri": ""
              }
            ],
            "bypass_platform_safety_checks_on_user_schedule_enabled": false,
            "capacity_reservation_group_id": "",
            "computer_name": "vm-web1-demo",
            "custom_data": null,
            "dedicated_host_group_id": "",
            "dedicated_host_id": "",
            "disk_controller_type": "SCSI",
            "edge_zone": "",
            "enable_automatic_updates": true,
            "encryption_at_host_enabled": false,
            "eviction_policy": "",
            "extensions_time_budget": "PT1H30M",
            "gallery_application": [],
            "hotpatching_enabled": false,
            "id": "/subscriptions/18a54fef-d36d-4d1c-b7b4-c468a773149b/resourceGroups/rg-abarzi-sch/providers/Microsoft.Compute/virtualMachines/vm-web1-demo",
            "identity": [],
            "license_type": "",
            "location": "swedencentral",
            "max_bid_price": -1,
            "name": "vm-web1-demo",
            "network_interface_ids": [
              "/subscriptions/18a54fef-d36d-4d1c-b7b4-c468a773149b/resourceGroups/rg-abarzi-sch/providers/Microsoft.Network/networkInterfaces/nic-vm-web1-demo"
            ],
            "os_disk": [
              {
                "caching": "ReadWrite",
                "diff_disk_settings": [],
                "disk_encryption_set_id": "",
                "disk_size_gb": 127,
                "id": "/subscriptions/18a54fef-d36d-4d1c-b7b4-c468a773149b/resourceGroups/rg-abarzi-sch/providers/Microsoft.Compute/disks/vm-web1-demo_OsDisk_1_68cb89c850ec4093924ba3e947c5f70c",
                "name": "vm-web1-demo_OsDisk_1_68cb89c850ec4093924ba3e947c5f70c",
                "secure_vm_disk_encryption_set_id": "",
                "security_encryption_type": "",
                "storage_account_type": "Standard_LRS",
                "write_accelerator_enabled": false
              }
            ],
            "os_image_notification": [],
            "os_managed_disk_id": "/subscriptions/18a54fef-d36d-4d1c-b7b4-c468a773149b/resourceGroups/rg-abarzi-sch/providers/Microsoft.Compute/disks/vm-web1-demo_OsDisk_1_68cb89c850ec4093924ba3e947c5f70c",
            "patch_assessment_mode": "ImageDefault",
            "patch_mode": "AutomaticByOS",
            "plan": [],
            "platform_fault_domain": -1,
            "priority": "Regular",
            "private_ip_address": "10.50.1.5",
            "private_ip_addresses": [
              "10.50.1.5"
            ],
            "provision_vm_agent": true,
            "proximity_placement_group_id": "",
            "public_ip_address": "",
            "public_ip_addresses": [],
            "reboot_setting": "",
            "resource_group_name": "rg-abarzi-sch",
            "secret": [],
            "secure_boot_enabled": false,
            "size": "Standard_D2as_v5",
            "source_image_id": "",
            "source_image_reference": [
              {
                "offer": "WindowsServer",
                "publisher": "MicrosoftWindowsServer",
                "sku": "2022-datacenter-azure-edition",
                "version": "latest"
              }
            ],
            "tags": {
              "owner": "amir"
            },
            "termination_notification": [],
            "timeouts": null,
            "timezone": "",
            "user_data": "",
            "virtual_machine_id": "7682e7f6-82d3-4e9d-bb0e-4b8346b3a7b6",
            "virtual_machine_scale_set_id": "",
            "vm_agent_platform_updates_enabled": true,
            "vtpm_enabled": false,
            "winrm_listener": [],
            "zone": "1"
          },
          "sensitive_attributes": [
            [
              {
                "type": "get_attr",
                "value": "admin_password"
              }
            ],
            [
              {
                "type": "get_attr",
                "value": "custom_data"
              }
            ]
          ],
          "identity_schema_version": 0,
          "private": "eyJlMmJmYjczMC1lY2FhLTExZTYtOGY4OC0zNDM2M2JjN2M0YzAiOnsiY3JlYXRlIjoyNzAwMDAwMDAwMDAwLCJkZWxldGUiOjI3MDAwMDAwMDAwMDAsInJlYWQiOjMwMDAwMDAwMDAwMCwidXBkYXRlIjoyNzAwMDAwMDAwMDAwfX0=",
          "dependencies": [
            "azurerm_key_vault.main",
            "azurerm_key_vault_access_policy.self",
            "azurerm_network_interface.vm_nics",
            "azurerm_public_ip.vm_pip_mgmt",
            "azurerm_subnet.subnets",
            "azurerm_virtual_network.vnet",
            "data.azurerm_client_config.current",
            "data.azurerm_key_vault_secret.vm_admin_pwd"
          ]
        },
        {
          "index_key": "vm-web2-demo",
          "schema_version": 0,
          "attributes": {
            "additional_capabilities": [],
            "additional_unattend_content": [],
            "admin_password": "P@ssw0rd0P@ssw0rd1",
            "admin_username": "amir",
            "allow_extension_operations": true,
            "automatic_updates_enabled": true,
            "availability_set_id": "",
            "boot_diagnostics": [
              {
                "storage_account_uri": ""
              }
            ],
            "bypass_platform_safety_checks_on_user_schedule_enabled": false,
            "capacity_reservation_group_id": "",
            "computer_name": "vm-web2-demo",
            "custom_data": null,
            "dedicated_host_group_id": "",
            "dedicated_host_id": "",
            "disk_controller_type": "SCSI",
            "edge_zone": "",
            "enable_automatic_updates": true,
            "encryption_at_host_enabled": false,
            "eviction_policy": "",
            "extensions_time_budget": "PT1H30M",
            "gallery_application": [],
            "hotpatching_enabled": false,
            "id": "/subscriptions/18a54fef-d36d-4d1c-b7b4-c468a773149b/resourceGroups/rg-abarzi-sch/providers/Microsoft.Compute/virtualMachines/vm-web2-demo",
            "identity": [],
            "license_type": "",
            "location": "swedencentral",
            "max_bid_price": -1,
            "name": "vm-web2-demo",
            "network_interface_ids": [
              "/subscriptions/18a54fef-d36d-4d1c-b7b4-c468a773149b/resourceGroups/rg-abarzi-sch/providers/Microsoft.Network/networkInterfaces/nic-vm-web2-demo"
            ],
            "os_disk": [
              {
                "caching": "ReadWrite",
                "diff_disk_settings": [],
                "disk_encryption_set_id": "",
                "disk_size_gb": 127,
                "id": "/subscriptions/18a54fef-d36d-4d1c-b7b4-c468a773149b/resourceGroups/rg-abarzi-sch/providers/Microsoft.Compute/disks/vm-web2-demo_OsDisk_1_2af7f862854941e8b6e5766d1a9e9bf0",
                "name": "vm-web2-demo_OsDisk_1_2af7f862854941e8b6e5766d1a9e9bf0",
                "secure_vm_disk_encryption_set_id": "",
                "security_encryption_type": "",
                "storage_account_type": "Standard_LRS",
                "write_accelerator_enabled": false
              }
            ],
            "os_image_notification": [],
            "os_managed_disk_id": "/subscriptions/18a54fef-d36d-4d1c-b7b4-c468a773149b/resourceGroups/rg-abarzi-sch/providers/Microsoft.Compute/disks/vm-web2-demo_OsDisk_1_2af7f862854941e8b6e5766d1a9e9bf0",
            "patch_assessment_mode": "ImageDefault",
            "patch_mode": "AutomaticByOS",
            "plan": [],
            "platform_fault_domain": -1,
            "priority": "Regular",
            "private_ip_address": "10.50.1.4",
            "private_ip_addresses": [
              "10.50.1.4"
            ],
            "provision_vm_agent": true,
            "proximity_placement_group_id": "",
            "public_ip_address": "",
            "public_ip_addresses": [],
            "reboot_setting": "",
            "resource_group_name": "rg-abarzi-sch",
            "secret": [],
            "secure_boot_enabled": false,
            "size": "Standard_D2as_v5",
            "source_image_id": "",
            "source_image_reference": [
              {
                "offer": "WindowsServer",
                "publisher": "MicrosoftWindowsServer",
                "sku": "2022-datacenter-azure-edition",
                "version": "latest"
              }
            ],
            "tags": {
              "owner": "amir"
            },
            "termination_notification": [],
            "timeouts": null,
            "timezone": "",
            "user_data": "",
            "virtual_machine_id": "18d1a328-4576-4a93-a2af-eb1800ba30e6",
            "virtual_machine_scale_set_id": "",
            "vm_agent_platform_updates_enabled": true,
            "vtpm_enabled": false,
            "winrm_listener": [],
            "zone": "1"
          },
          "sensitive_attributes": [
            [
              {
                "type": "get_attr",
                "value": "admin_password"
              }
            ],
            [
              {
                "type": "get_attr",
                "value": "custom_data"
              }
            ]
          ],
          "identity_schema_version": 0,
          "private": "eyJlMmJmYjczMC1lY2FhLTExZTYtOGY4OC0zNDM2M2JjN2M0YzAiOnsiY3JlYXRlIjoyNzAwMDAwMDAwMDAwLCJkZWxldGUiOjI3MDAwMDAwMDAwMDAsInJlYWQiOjMwMDAwMDAwMDAwMCwidXBkYXRlIjoyNzAwMDAwMDAwMDAwfX0=",
          "dependencies": [
            "azurerm_key_vault.main",
            "azurerm_key_vault_access_policy.self",
            "azurerm_network_interface.vm_nics",
            "azurerm_public_ip.vm_pip_mgmt",
            "azurerm_subnet.subnets",
            "azurerm_virtual_network.vnet",
            "data.azurerm_client_config.current",
            "data.azurerm_key_vault_secret.vm_admin_pwd"
          ]
        }
      ]
    }
  ],
  "check_results": null
}
